
Microsoft Visual Studio Solution File, Format Version 12.00
# Visual Studio Version 17
VisualStudioVersion = 17.0.31903.59
MinimumVisualStudioVersion = 10.0.40219.1
Project("{2150E333-8FDC-42A3-9474-1A3956D46DE8}") = "src", "src", "{F81F6DBD-C8EC-40AA-88B7-393FF727CCAB}"
EndProject
Project("{FAE04EC0-301F-11D3-BF4B-00C04F79EFBC}") = "Product.CRUD.API", "src\Product.CRUD.API\Product.CRUD.API.csproj", "{D3A91D5F-589D-47AD-968F-F6142396CE18}"
EndProject
Project("{2150E333-8FDC-42A3-9474-1A3956D46DE8}") = "SolutionItens", "SolutionItens", "{D4304FB3-388A-40F0-86A0-A5FCF79946E8}"
	ProjectSection(SolutionItems) = preProject
		compose.yml = compose.yml
	EndProjectSection
EndProject
Global
	GlobalSection(SolutionConfigurationPlatforms) = preSolution
		Debug|Any CPU = Debug|Any CPU
		Release|Any CPU = Release|Any CPU
	EndGlobalSection
	GlobalSection(ProjectConfigurationPlatforms) = postSolution
		{D3A91D5F-589D-47AD-968F-F6142396CE18}.Debug|Any CPU.ActiveCfg = Debug|Any CPU
		{D3A91D5F-589D-47AD-968F-F6142396CE18}.Debug|Any CPU.Build.0 = Debug|Any CPU
		{D3A91D5F-589D-47AD-968F-F6142396CE18}.Release|Any CPU.ActiveCfg = Release|Any CPU
		{D3A91D5F-589D-47AD-968F-F6142396CE18}.Release|Any CPU.Build.0 = Release|Any CPU
	EndGlobalSection
	GlobalSection(SolutionProperties) = preSolution
		HideSolutionNode = FALSE
	EndGlobalSection
	GlobalSection(NestedProjects) = preSolution
		{D3A91D5F-589D-47AD-968F-F6142396CE18} = {F81F6DBD-C8EC-40AA-88B7-393FF727CCAB}
	EndGlobalSection
EndGlobal
